// !$*UTF8*$!
{
	archiveVersion = 1;
	classes = {
	};
	objectVersion = 46;
	objects = {

/* Begin PBXBuildFile section */
		8C2C23411EA8556300D96B6F /* main.m in Sources */ = {isa = PBXBuildFile; fileRef = 8C2C23401EA8556300D96B6F /* main.m */; };
		8C2C23441EA8556300D96B6F /* AppDelegate.m in Sources */ = {isa = PBXBuildFile; fileRef = 8C2C23431EA8556300D96B6F /* AppDelegate.m */; };
		8C2C23471EA8556300D96B6F /* ViewController.m in Sources */ = {isa = PBXBuildFile; fileRef = 8C2C23461EA8556300D96B6F /* ViewController.m */; };
		8C2C234A1EA8556300D96B6F /* Main.storyboard in Resources */ = {isa = PBXBuildFile; fileRef = 8C2C23481EA8556300D96B6F /* Main.storyboard */; };
		8C2C234C1EA8556300D96B6F /* Assets.xcassets in Resources */ = {isa = PBXBuildFile; fileRef = 8C2C234B1EA8556300D96B6F /* Assets.xcassets */; };
		8C2C234F1EA8556300D96B6F /* LaunchScreen.storyboard in Resources */ = {isa = PBXBuildFile; fileRef = 8C2C234D1EA8556300D96B6F /* LaunchScreen.storyboard */; };
		8C2C235A1EA8556300D96B6F /* VehicleRepairNetProTests.m in Sources */ = {isa = PBXBuildFile; fileRef = 8C2C23591EA8556300D96B6F /* VehicleRepairNetProTests.m */; };
		8C2C23651EA8556300D96B6F /* VehicleRepairNetProUITests.m in Sources */ = {isa = PBXBuildFile; fileRef = 8C2C23641EA8556300D96B6F /* VehicleRepairNetProUITests.m */; };
/* End PBXBuildFile section */

/* Begin PBXContainerItemProxy section */
		8C2C23561EA8556300D96B6F /* PBXContainerItemProxy */ = {
			isa = PBXContainerItemProxy;
			containerPortal = 8C2C23341EA8556300D96B6F /* Project object */;
			proxyType = 1;
			remoteGlobalIDString = 8C2C233B1EA8556300D96B6F;
			remoteInfo = VehicleRepairNetPro;
		};
		8C2C23611EA8556300D96B6F /* PBXContainerItemProxy */ = {
			isa = PBXContainerItemProxy;
			containerPortal = 8C2C23341EA8556300D96B6F /* Project object */;
			proxyType = 1;
			remoteGlobalIDString = 8C2C233B1EA8556300D96B6F;
			remoteInfo = VehicleRepairNetPro;
		};
/* End PBXContainerItemProxy section */

/* Begin PBXFileReference section */
		8C2C233C1EA8556300D96B6F /* VehicleRepairNetPro.app */ = {isa = PBXFileReference; explicitFileType = wrapper.application; includeInIndex = 0; path = VehicleRepairNetPro.app; sourceTree = BUILT_PRODUCTS_DIR; };
		8C2C23401EA8556300D96B6F /* main.m */ = {isa = PBXFileReference; lastKnownFileType = sourcecode.c.objc; path = main.m; sourceTree = "<group>"; };
		8C2C23421EA8556300D96B6F /* AppDelegate.h */ = {isa = PBXFileReference; lastKnownFileType = sourcecode.c.h; path = AppDelegate.h; sourceTree = "<group>"; };
		8C2C23431EA8556300D96B6F /* AppDelegate.m */ = {isa = PBXFileReference; lastKnownFileType = sourcecode.c.objc; path = AppDelegate.m; sourceTree = "<group>"; };
		8C2C23451EA8556300D96B6F /* ViewController.h */ = {isa = PBXFileReference; lastKnownFileType = sourcecode.c.h; path = ViewController.h; sourceTree = "<group>"; };
		8C2C23461EA8556300D96B6F /* ViewController.m */ = {isa = PBXFileReference; lastKnownFileType = sourcecode.c.objc; path = ViewController.m; sourceTree = "<group>"; };
		8C2C23491EA8556300D96B6F /* Base */ = {isa = PBXFileReference; lastKnownFileType = file.storyboard; name = Base; path = Base.lproj/Main.storyboard; sourceTree = "<group>"; };
		8C2C234B1EA8556300D96B6F /* Assets.xcassets */ = {isa = PBXFileReference; lastKnownFileType = folder.assetcatalog; path = Assets.xcassets; sourceTree = "<group>"; };
		8C2C234E1EA8556300D96B6F /* Base */ = {isa = PBXFileReference; lastKnownFileType = file.storyboard; name = Base; path = Base.lproj/LaunchScreen.storyboard; sourceTree = "<group>"; };
		8C2C23501EA8556300D96B6F /* Info.plist */ = {isa = PBXFileReference; lastKnownFileType = text.plist.xml; path = Info.plist; sourceTree = "<group>"; };
		8C2C23551EA8556300D96B6F /* VehicleRepairNetProTests.xctest */ = {isa = PBXFileReference; explicitFileType = wrapper.cfbundle; includeInIndex = 0; path = VehicleRepairNetProTests.xctest; sourceTree = BUILT_PRODUCTS_DIR; };
		8C2C23591EA8556300D96B6F /* VehicleRepairNetProTests.m */ = {isa = PBXFileReference; lastKnownFileType = sourcecode.c.objc; path = VehicleRepairNetProTests.m; sourceTree = "<group>"; };
		8C2C235B1EA8556300D96B6F /* Info.plist */ = {isa = PBXFileReference; lastKnownFileType = text.plist.xml; path = Info.plist; sourceTree = "<group>"; };
		8C2C23601EA8556300D96B6F /* VehicleRepairNetProUITests.xctest */ = {isa = PBXFileReference; explicitFileType = wrapper.cfbundle; includeInIndex = 0; path = VehicleRepairNetProUITests.xctest; sourceTree = BUILT_PRODUCTS_DIR; };
		8C2C23641EA8556300D96B6F /* VehicleRepairNetProUITests.m */ = {isa = PBXFileReference; lastKnownFileType = sourcecode.c.objc; path = VehicleRepairNetProUITests.m; sourceTree = "<group>"; };
		8C2C23661EA8556300D96B6F /* Info.plist */ = {isa = PBXFileReference; lastKnownFileType = text.plist.xml; path = Info.plist; sourceTree = "<group>"; };
/* End PBXFileReference section */

/* Begin PBXFrameworksBuildPhase section */
		8C2C23391EA8556300D96B6F /* Frameworks */ = {
			isa = PBXFrameworksBuildPhase;
			buildActionMask = 2147483647;
			files = (
			);
			runOnlyForDeploymentPostprocessing = 0;
		};
		8C2C23521EA8556300D96B6F /* Frameworks */ = {
			isa = PBXFrameworksBuildPhase;
			buildActionMask = 2147483647;
			files = (
			);
			runOnlyForDeploymentPostprocessing = 0;
		};
		8C2C235D1EA8556300D96B6F /* Frameworks */ = {
			isa = PBXFrameworksBuildPhase;
			buildActionMask = 2147483647;
			files = (
			);
			runOnlyForDeploymentPostprocessing = 0;
		};
/* End PBXFrameworksBuildPhase section */

/* Begin PBXGroup section */
		8C2C23331EA8556300D96B6F = {
			isa = PBXGroup;
			children = (
				8C2C233E1EA8556300D96B6F /* VehicleRepairNetPro */,
				8C2C23581EA8556300D96B6F /* VehicleRepairNetProTests */,
				8C2C23631EA8556300D96B6F /* VehicleRepairNetProUITests */,
				8C2C233D1EA8556300D96B6F /* Products */,
			);
			sourceTree = "<group>";
		};
		8C2C233D1EA8556300D96B6F /* Products */ = {
			isa = PBXGroup;
			children = (
				8C2C233C1EA8556300D96B6F /* VehicleRepairNetPro.app */,
				8C2C23551EA8556300D96B6F /* VehicleRepairNetProTests.xctest */,
				8C2C23601EA8556300D96B6F /* VehicleRepairNetProUITests.xctest */,
			);
			name = Products;
			sourceTree = "<group>";
		};
		8C2C233E1EA8556300D96B6F /* VehicleRepairNetPro */ = {
			isa = PBXGroup;
			children = (
				8C2C23421EA8556300D96B6F /* AppDelegate.h */,
				8C2C23431EA8556300D96B6F /* AppDelegate.m */,
				8C2C23451EA8556300D96B6F /* ViewController.h */,
				8C2C23461EA8556300D96B6F /* ViewController.m */,
				8C2C23481EA8556300D96B6F /* Main.storyboard */,
				8C2C234B1EA8556300D96B6F /* Assets.xcassets */,
				8C2C234D1EA8556300D96B6F /* LaunchScreen.storyboard */,
				8C2C23501EA8556300D96B6F /* Info.plist */,
				8C2C233F1EA8556300D96B6F /* Supporting Files */,
			);
			path = VehicleRepairNetPro;
			sourceTree = "<group>";
		};
		8C2C233F1EA8556300D96B6F /* Supporting Files */ = {
			isa = PBXGroup;
			children = (
				8C2C23401EA8556300D96B6F /* main.m */,
			);
			name = "Supporting Files";
			sourceTree = "<group>";
		};
		8C2C23581EA8556300D96B6F /* VehicleRepairNetProTests */ = {
			isa = PBXGroup;
			children = (
				8C2C23591EA8556300D96B6F /* VehicleRepairNetProTests.m */,
				8C2C235B1EA8556300D96B6F /* Info.plist */,
			);
			path = VehicleRepairNetProTests;
			sourceTree = "<group>";
		};
		8C2C23631EA8556300D96B6F /* VehicleRepairNetProUITests */ = {
			isa = PBXGroup;
			children = (
				8C2C23641EA8556300D96B6F /* VehicleRepairNetProUITests.m */,
				8C2C23661EA8556300D96B6F /* Info.plist */,
			);
			path = VehicleRepairNetProUITests;
			sourceTree = "<group>";
		};
/* End PBXGroup section */

/* Begin PBXNativeTarget section */
		8C2C233B1EA8556300D96B6F /* VehicleRepairNetPro */ = {
			isa = PBXNativeTarget;
			buildConfigurationList = 8C2C23691EA8556300D96B6F /* Build configuration list for PBXNativeTarget "VehicleRepairNetPro" */;
			buildPhases = (
				8C2C23381EA8556300D96B6F /* Sources */,
				8C2C23391EA8556300D96B6F /* Frameworks */,
				8C2C233A1EA8556300D96B6F /* Resources */,
			);
			buildRules = (
			);
			dependencies = (
			);
			name = VehicleRepairNetPro;
			productName = VehicleRepairNetPro;
			productReference = 8C2C233C1EA8556300D96B6F /* VehicleRepairNetPro.app */;
			productType = "com.apple.product-type.application";
		};
		8C2C23541EA8556300D96B6F /* VehicleRepairNetProTests */ = {
			isa = PBXNativeTarget;
			buildConfigurationList = 8C2C236C1EA8556300D96B6F /* Build configuration list for PBXNativeTarget "VehicleRepairNetProTests" */;
			buildPhases = (
				8C2C23511EA8556300D96B6F /* Sources */,
				8C2C23521EA8556300D96B6F /* Frameworks */,
				8C2C23531EA8556300D96B6F /* Resources */,
			);
			buildRules = (
			);
			dependencies = (
				8C2C23571EA8556300D96B6F /* PBXTargetDependency */,
			);
			name = VehicleRepairNetProTests;
			productName = VehicleRepairNetProTests;
			productReference = 8C2C23551EA8556300D96B6F /* VehicleRepairNetProTests.xctest */;
			productType = "com.apple.product-type.bundle.unit-test";
		};
		8C2C235F1EA8556300D96B6F /* VehicleRepairNetProUITests */ = {
			isa = PBXNativeTarget;
			buildConfigurationList = 8C2C236F1EA8556300D96B6F /* Build configuration list for PBXNativeTarget "VehicleRepairNetProUITests" */;
			buildPhases = (
				8C2C235C1EA8556300D96B6F /* Sources */,
				8C2C235D1EA8556300D96B6F /* Frameworks */,
				8C2C235E1EA8556300D96B6F /* Resources */,
			);
			buildRules = (
			);
			dependencies = (
				8C2C23621EA8556300D96B6F /* PBXTargetDependency */,
			);
			name = VehicleRepairNetProUITests;
			productName = VehicleRepairNetProUITests;
			productReference = 8C2C23601EA8556300D96B6F /* VehicleRepairNetProUITests.xctest */;
			productType = "com.apple.product-type.bundle.ui-testing";
		};
/* End PBXNativeTarget section */

/* Begin PBXProject section */
		8C2C23341EA8556300D96B6F /* Project object */ = {
			isa = PBXProject;
			attributes = {
				LastUpgradeCheck = 0830;
				ORGANIZATIONNAME = me;
				TargetAttributes = {
					8C2C233B1EA8556300D96B6F = {
						CreatedOnToolsVersion = 8.3.1;
						DevelopmentTeam = 6K24DWR7K9;
						ProvisioningStyle = Automatic;
					};
					8C2C23541EA8556300D96B6F = {
						CreatedOnToolsVersion = 8.3.1;
						DevelopmentTeam = 6K24DWR7K9;
						ProvisioningStyle = Automatic;
						TestTargetID = 8C2C233B1EA8556300D96B6F;
					};
					8C2C235F1EA8556300D96B6F = {
						CreatedOnToolsVersion = 8.3.1;
						DevelopmentTeam = 6K24DWR7K9;
						ProvisioningStyle = Automatic;
						TestTargetID = 8C2C233B1EA8556300D96B6F;
					};
				};
			};
			buildConfigurationList = 8C2C23371EA8556300D96B6F /* Build configuration list for PBXProject "VehicleRepairNetPro" */;
			compatibilityVersion = "Xcode 3.2";
			developmentRegion = English;
			hasScannedForEncodings = 0;
			knownRegions = (
				en,
				Base,
			);
			mainGroup = 8C2C23331EA8556300D96B6F;
			productRefGroup = 8C2C233D1EA8556300D96B6F /* Products */;
			projectDirPath = "";
			projectRoot = "";
			targets = (
				8C2C233B1EA8556300D96B6F /* VehicleRepairNetPro */,
				8C2C23541EA8556300D96B6F /* VehicleRepairNetProTests */,
				8C2C235F1EA8556300D96B6F /* VehicleRepairNetProUITests */,
			);
		};
/* End PBXProject section */

/* Begin PBXResourcesBuildPhase section */
		8C2C233A1EA8556300D96B6F /* Resources */ = {
			isa = PBXResourcesBuildPhase;
			buildActionMask = 2147483647;
			files = (
				8C2C234F1EA8556300D96B6F /* LaunchScreen.storyboard in Resources */,
				8C2C234C1EA8556300D96B6F /* Assets.xcassets in Resources */,
				8C2C234A1EA8556300D96B6F /* Main.storyboard in Resources */,
			);
			runOnlyForDeploymentPostprocessing = 0;
		};
		8C2C23531EA8556300D96B6F /* Resources */ = {
			isa = PBXResourcesBuildPhase;
			buildActionMask = 2147483647;
			files = (
			);
			runOnlyForDeploymentPostprocessing = 0;
		};
		8C2C235E1EA8556300D96B6F /* Resources */ = {
			isa = PBXResourcesBuildPhase;
			buildActionMask = 2147483647;
			files = (
			);
			runOnlyForDeploymentPostprocessing = 0;
		};
/* End PBXResourcesBuildPhase section */

/* Begin PBXSourcesBuildPhase section */
		8C2C23381EA8556300D96B6F /* Sources */ = {
			isa = PBXSourcesBuildPhase;
			buildActionMask = 2147483647;
			files = (
				8C2C23471EA8556300D96B6F /* ViewController.m in Sources */,
				8C2C23441EA8556300D96B6F /* AppDelegate.m in Sources */,
				8C2C23411EA8556300D96B6F /* main.m in Sources */,
			);
			runOnlyForDeploymentPostprocessing = 0;
		};
		8C2C23511EA8556300D96B6F /* Sources */ = {
			isa = PBXSourcesBuildPhase;
			buildActionMask = 2147483647;
			files = (
				8C2C235A1EA8556300D96B6F /* VehicleRepairNetProTests.m in Sources */,
			);
			runOnlyForDeploymentPostprocessing = 0;
		};
		8C2C235C1EA8556300D96B6F /* Sources */ = {
			isa = PBXSourcesBuildPhase;
			buildActionMask = 2147483647;
			files = (
				8C2C23651EA8556300D96B6F /* VehicleRepairNetProUITests.m in Sources */,
			);
			runOnlyForDeploymentPostprocessing = 0;
		};
/* End PBXSourcesBuildPhase section */

/* Begin PBXTargetDependency section */
		8C2C23571EA8556300D96B6F /* PBXTargetDependency */ = {
			isa = PBXTargetDependency;
			target = 8C2C233B1EA8556300D96B6F /* VehicleRepairNetPro */;
			targetProxy = 8C2C23561EA8556300D96B6F /* PBXContainerItemProxy */;
		};
		8C2C23621EA8556300D96B6F /* PBXTargetDependency */ = {
			isa = PBXTargetDependency;
			target = 8C2C233B1EA8556300D96B6F /* VehicleRepairNetPro */;
			targetProxy = 8C2C23611EA8556300D96B6F /* PBXContainerItemProxy */;
		};
/* End PBXTargetDependency section */

/* Begin PBXVariantGroup section */
		8C2C23481EA8556300D96B6F /* Main.storyboard */ = {
			isa = PBXVariantGroup;
			children = (
				8C2C23491EA8556300D96B6F /* Base */,
			);
			name = Main.storyboard;
			sourceTree = "<group>";
		};
		8C2C234D1EA8556300D96B6F /* LaunchScreen.storyboard */ = {
			isa = PBXVariantGroup;
			children = (
				8C2C234E1EA8556300D96B6F /* Base */,
			);
			name = LaunchScreen.storyboard;
			sourceTree = "<group>";
		};
/* End PBXVariantGroup section */

/* Begin XCBuildConfiguration section */
		8C2C23671EA8556300D96B6F /* Debug */ = {
			isa = XCBuildConfiguration;
			buildSettings = {
				ALWAYS_SEARCH_USER_PATHS = NO;
				CLANG_ANALYZER_NONNULL = YES;
				CLANG_ANALYZER_NUMBER_OBJECT_CONVERSION = YES_AGGRESSIVE;
				CLANG_CXX_LANGUAGE_STANDARD = "gnu++0x";
				CLANG_CXX_LIBRARY = "libc++";
				CLANG_ENABLE_MODULES = YES;
				CLANG_ENABLE_OBJC_ARC = YES;
				CLANG_WARN_BOOL_CONVERSION = YES;
				CLANG_WARN_CONSTANT_CONVERSION = YES;
				CLANG_WARN_DIRECT_OBJC_ISA_USAGE = YES_ERROR;
				CLANG_WARN_DOCUMENTATION_COMMENTS = YES;
				CLANG_WARN_EMPTY_BODY = YES;
				CLANG_WARN_ENUM_CONVERSION = YES;
				CLANG_WARN_INFINITE_RECURSION = YES;
				CLANG_WARN_INT_CONVERSION = YES;
				CLANG_WARN_OBJC_ROOT_CLASS = YES_ERROR;
				CLANG_WARN_SUSPICIOUS_MOVE = YES;
				CLANG_WARN_UNREACHABLE_CODE = YES;
				CLANG_WARN__DUPLICATE_METHOD_MATCH = YES;
				"CODE_SIGN_IDENTITY[sdk=iphoneos*]" = "iPhone Developer";
				COPY_PHASE_STRIP = NO;
				DEBUG_INFORMATION_FORMAT = dwarf;
				ENABLE_STRICT_OBJC_MSGSEND = YES;
				ENABLE_TESTABILITY = YES;
				GCC_C_LANGUAGE_STANDARD = gnu99;
				GCC_DYNAMIC_NO_PIC = NO;
				GCC_NO_COMMON_BLOCKS = YES;
				GCC_OPTIMIZATION_LEVEL = 0;
				GCC_PREPROCESSOR_DEFINITIONS = (
					"DEBUG=1",
					"$(inherited)",
				);
				GCC_WARN_64_TO_32_BIT_CONVERSION = YES;
				GCC_WARN_ABOUT_RETURN_TYPE = YES_ERROR;
				GCC_WARN_UNDECLARED_SELECTOR = YES;
				GCC_WARN_UNINITIALIZED_AUTOS = YES_AGGRESSIVE;
				GCC_WARN_UNUSED_FUNCTION = YES;
				GCC_WARN_UNUSED_VARIABLE = YES;
				IPHONEOS_DEPLOYMENT_TARGET = 10.3;
				MTL_ENABLE_DEBUG_INFO = YES;
				ONLY_ACTIVE_ARCH = YES;
				SDKROOT = iphoneos;
			};
			name = Debug;
		};
		8C2C23681EA8556300D96B6F /* Release */ = {
			isa = XCBuildConfiguration;
			buildSettings = {
				ALWAYS_SEARCH_USER_PATHS = NO;
				CLANG_ANALYZER_NONNULL = YES;
				CLANG_ANALYZER_NUMBER_OBJECT_CONVERSION = YES_AGGRESSIVE;
				CLANG_CXX_LANGUAGE_STANDARD = "gnu++0x";
				CLANG_CXX_LIBRARY = "libc++";
				CLANG_ENABLE_MODULES = YES;
				CLANG_ENABLE_OBJC_ARC = YES;
				CLANG_WARN_BOOL_CONVERSION = YES;
				CLANG_WARN_CONSTANT_CONVERSION = YES;
				CLANG_WARN_DIRECT_OBJC_ISA_USAGE = YES_ERROR;
				CLANG_WARN_DOCUMENTATION_COMMENTS = YES;
				CLANG_WARN_EMPTY_BODY = YES;
				CLANG_WARN_ENUM_CONVERSION = YES;
				CLANG_WARN_INFINITE_RECURSION = YES;
				CLANG_WARN_INT_CONVERSION = YES;
				CLANG_WARN_OBJC_ROOT_CLASS = YES_ERROR;
				CLANG_WARN_SUSPICIOUS_MOVE = YES;
				CLANG_WARN_UNREACHABLE_CODE = YES;
				CLANG_WARN__DUPLICATE_METHOD_MATCH = YES;
				"CODE_SIGN_IDENTITY[sdk=iphoneos*]" = "iPhone Developer";
				COPY_PHASE_STRIP = NO;
				DEBUG_INFORMATION_FORMAT = "dwarf-with-dsym";
				ENABLE_NS_ASSERTIONS = NO;
				ENABLE_STRICT_OBJC_MSGSEND = YES;
				GCC_C_LANGUAGE_STANDARD = gnu99;
				GCC_NO_COMMON_BLOCKS = YES;
				GCC_WARN_64_TO_32_BIT_CONVERSION = YES;
				GCC_WARN_ABOUT_RETURN_TYPE = YES_ERROR;
				GCC_WARN_UNDECLARED_SELECTOR = YES;
				GCC_WARN_UNINITIALIZED_AUTOS = YES_AGGRESSIVE;
				GCC_WARN_UNUSED_FUNCTION = YES;
				GCC_WARN_UNUSED_VARIABLE = YES;
				IPHONEOS_DEPLOYMENT_TARGET = 10.3;
				MTL_ENABLE_DEBUG_INFO = NO;
				SDKROOT = iphoneos;
				VALIDATE_PRODUCT = YES;
			};
			name = Release;
		};
		8C2C236A1EA8556300D96B6F /* Debug */ = {
			isa = XCBuildConfiguration;
			buildSettings = {
				ASSETCATALOG_COMPILER_APPICON_NAME = AppIcon;
				DEVELOPMENT_TEAM = 6K24DWR7K9;
				INFOPLIST_FILE = VehicleRepairNetPro/Info.plist;
				LD_RUNPATH_SEARCH_PATHS = "$(inherited) @executable_path/Frameworks";
				PRODUCT_BUNDLE_IDENTIFIER = com.xingtongBeidou.VehicleRepairNetPro;
				PRODUCT_NAME = "$(TARGET_NAME)";
			};
			name = Debug;
		};
		8C2C236B1EA8556300D96B6F /* Release */ = {
			isa = XCBuildConfiguration;
			buildSettings = {
				ASSETCATALOG_COMPILER_APPICON_NAME = AppIcon;
				DEVELOPMENT_TEAM = 6K24DWR7K9;
				INFOPLIST_FILE = VehicleRepairNetPro/Info.plist;
				LD_RUNPATH_SEARCH_PATHS = "$(inherited) @executable_path/Frameworks";
				PRODUCT_BUNDLE_IDENTIFIER = com.xingtongBeidou.VehicleRepairNetPro;
				PRODUCT_NAME = "$(TARGET_NAME)";
			};
			name = Release;
		};
		8C2C236D1EA8556300D96B6F /* Debug */ = {
			isa = XCBuildConfiguration;
			buildSettings = {
				BUNDLE_LOADER = "$(TEST_HOST)";
				DEVELOPMENT_TEAM = 6K24DWR7K9;
				INFOPLIST_FILE = VehicleRepairNetProTests/Info.plist;
				LD_RUNPATH_SEARCH_PATHS = "$(inherited) @executable_path/Frameworks @loader_path/Frameworks";
				PRODUCT_BUNDLE_IDENTIFIER = com.xingtongBeidou.VehicleRepairNetProTests;
				PRODUCT_NAME = "$(TARGET_NAME)";
				TEST_HOST = "$(BUILT_PRODUCTS_DIR)/VehicleRepairNetPro.app/VehicleRepairNetPro";
			};
			name = Debug;
		};
		8C2C236E1EA8556300D96B6F /* Release */ = {
			isa = XCBuildConfiguration;
			buildSettings = {
				BUNDLE_LOADER = "$(TEST_HOST)";
				DEVELOPMENT_TEAM = 6K24DWR7K9;
				INFOPLIST_FILE = VehicleRepairNetProTests/Info.plist;
				LD_RUNPATH_SEARCH_PATHS = "$(inherited) @executable_path/Frameworks @loader_path/Frameworks";
				PRODUCT_BUNDLE_IDENTIFIER = com.xingtongBeidou.VehicleRepairNetProTests;
				PRODUCT_NAME = "$(TARGET_NAME)";
				TEST_HOST = "$(BUILT_PRODUCTS_DIR)/VehicleRepairNetPro.app/VehicleRepairNetPro";
			};
			name = Release;
		};
		8C2C23701EA8556300D96B6F /* Debug */ = {
			isa = XCBuildConfiguration;
			buildSettings = {
				DEVELOPMENT_TEAM = 6K24DWR7K9;
				INFOPLIST_FILE = VehicleRepairNetProUITests/Info.plist;
				LD_RUNPATH_SEARCH_PATHS = "$(inherited) @executable_path/Frameworks @loader_path/Frameworks";
				PRODUCT_BUNDLE_IDENTIFIER = com.xingtongBeidou.VehicleRepairNetProUITests;
				PRODUCT_NAME = "$(TARGET_NAME)";
				TEST_TARGET_NAME = VehicleRepairNetPro;
			};
			name = Debug;
		};
		8C2C23711EA8556300D96B6F /* Release */ = {
			isa = XCBuildConfiguration;
			buildSettings = {
				DEVELOPMENT_TEAM = 6K24DWR7K9;
				INFOPLIST_FILE = VehicleRepairNetProUITests/Info.plist;
				LD_RUNPATH_SEARCH_PATHS = "$(inherited) @executable_path/Frameworks @loader_path/Frameworks";
				PRODUCT_BUNDLE_IDENTIFIER = com.xingtongBeidou.VehicleRepairNetProUITests;
				PRODUCT_NAME = "$(TARGET_NAME)";
				TEST_TARGET_NAME = VehicleRepairNetPro;
			};
			name = Release;
		};
/* End XCBuildConfiguration section */

/* Begin XCConfigurationList section */
		8C2C23371EA8556300D96B6F /* Build configuration list for PBXProject "VehicleRepairNetPro" */ = {
			isa = XCConfigurationList;
			buildConfigurations = (
				8C2C23671EA8556300D96B6F /* Debug */,
				8C2C23681EA8556300D96B6F /* Release */,
			);
			defaultConfigurationIsVisible = 0;
			defaultConfigurationName = Release;
		};
		8C2C23691EA8556300D96B6F /* Build configuration list for PBXNativeTarget "VehicleRepairNetPro" */ = {
			isa = XCConfigurationList;
			buildConfigurations = (
				8C2C236A1EA8556300D96B6F /* Debug */,
				8C2C236B1EA8556300D96B6F /* Release */,
			);
			defaultConfigurationIsVisible = 0;
		};
		8C2C236C1EA8556300D96B6F /* Build configuration list for PBXNativeTarget "VehicleRepairNetProTests" */ = {
			isa = XCConfigurationList;
			buildConfigurations = (
				8C2C236D1EA8556300D96B6F /* Debug */,
				8C2C236E1EA8556300D96B6F /* Release */,
			);
			defaultConfigurationIsVisible = 0;
		};
		8C2C236F1EA8556300D96B6F /* Build configuration list for PBXNativeTarget "VehicleRepairNetProUITests" */ = {
			isa = XCConfigurationList;
			buildConfigurations = (
				8C2C23701EA8556300D96B6F /* Debug */,
				8C2C23711EA8556300D96B6F /* Release */,
			);
			defaultConfigurationIsVisible = 0;
		};
/* End XCConfigurationList section */
	};
	rootObject = 8C2C23341EA8556300D96B6F /* Project object */;
}
